
Microsoft Visual Studio Solution File, Format Version 12.00
# Visual Studio Version 17
VisualStudioVersion = 17.9.34728.123
MinimumVisualStudioVersion = 10.0.40219.1
Project("{9A19103F-16F7-4668-BE54-9A1E7A4F7556}") = "CARS", "CARS\CARS.csproj", "{05F32B97-AAD7-4CE5-ADFB-43BECF31C239}"
EndProject
Project("{9A19103F-16F7-4668-BE54-9A1E7A4F7556}") = "testing", "testing\testing.csproj", "{A91B4527-2516-4DC6-9498-6B5AC97215A2}"
EndProject
Global
	GlobalSection(SolutionConfigurationPlatforms) = preSolution
		Debug|Any CPU = Debug|Any CPU
		Release|Any CPU = Release|Any CPU
	EndGlobalSection
	GlobalSection(ProjectConfigurationPlatforms) = postSolution
		{05F32B97-AAD7-4CE5-ADFB-43BECF31C239}.Debug|Any CPU.ActiveCfg = Debug|Any CPU
		{05F32B97-AAD7-4CE5-ADFB-43BECF31C239}.Debug|Any CPU.Build.0 = Debug|Any CPU
		{05F32B97-AAD7-4CE5-ADFB-43BECF31C239}.Release|Any CPU.ActiveCfg = Release|Any CPU
		{05F32B97-AAD7-4CE5-ADFB-43BECF31C239}.Release|Any CPU.Build.0 = Release|Any CPU
		{A91B4527-2516-4DC6-9498-6B5AC97215A2}.Debug|Any CPU.ActiveCfg = Debug|Any CPU
		{A91B4527-2516-4DC6-9498-6B5AC97215A2}.Debug|Any CPU.Build.0 = Debug|Any CPU
		{A91B4527-2516-4DC6-9498-6B5AC97215A2}.Release|Any CPU.ActiveCfg = Release|Any CPU
		{A91B4527-2516-4DC6-9498-6B5AC97215A2}.Release|Any CPU.Build.0 = Release|Any CPU
	EndGlobalSection
	GlobalSection(SolutionProperties) = preSolution
		HideSolutionNode = FALSE
	EndGlobalSection
	GlobalSection(ExtensibilityGlobals) = postSolution
		SolutionGuid = {7EA8760D-0CF8-4BB5-9FB8-CB189A04D022}
	EndGlobalSection
EndGlobal
